
Microsoft Visual Studio Solution File, Format Version 12.00
# Visual Studio Version 17
VisualStudioVersion = 17.5.33530.505
MinimumVisualStudioVersion = 10.0.40219.1
Project("{9A19103F-16F7-4668-BE54-9A1E7A4F7556}") = "QRCodeProyect", "QRCodeProyect.csproj", "{0EAC90F4-0E4C-4E48-A561-009CAFD1D8D4}"
EndProject
Global
	GlobalSection(SolutionConfigurationPlatforms) = preSolution
		Debug|Any CPU = Debug|Any CPU
		Release|Any CPU = Release|Any CPU
	EndGlobalSection
	GlobalSection(ProjectConfigurationPlatforms) = postSolution
		{0EAC90F4-0E4C-4E48-A561-009CAFD1D8D4}.Debug|Any CPU.ActiveCfg = Debug|Any CPU
		{0EAC90F4-0E4C-4E48-A561-009CAFD1D8D4}.Debug|Any CPU.Build.0 = Debug|Any CPU
		{0EAC90F4-0E4C-4E48-A561-009CAFD1D8D4}.Release|Any CPU.ActiveCfg = Release|Any CPU
		{0EAC90F4-0E4C-4E48-A561-009CAFD1D8D4}.Release|Any CPU.Build.0 = Release|Any CPU
	EndGlobalSection
	GlobalSection(SolutionProperties) = preSolution
		HideSolutionNode = FALSE
	EndGlobalSection
	GlobalSection(ExtensibilityGlobals) = postSolution
		SolutionGuid = {8E8ED0A6-80D1-4B3D-BFD5-22370572E433}
	EndGlobalSection
EndGlobal
